
Microsoft Visual Studio Solution File, Format Version 12.00
# Visual Studio Version 16
VisualStudioVersion = 16.0.31112.23
MinimumVisualStudioVersion = 10.0.40219.1
Project("{F2A71F9B-5D33-465A-A702-920D77279786}") = "MCML", "MCML\MCML.fsproj", "{17F312B4-429B-4134-AB10-204E9B972309}"
EndProject
Global
	GlobalSection(SolutionConfigurationPlatforms) = preSolution
		Debug|Any CPU = Debug|Any CPU
		Release|Any CPU = Release|Any CPU
	EndGlobalSection
	GlobalSection(ProjectConfigurationPlatforms) = postSolution
		{17F312B4-429B-4134-AB10-204E9B972309}.Debug|Any CPU.ActiveCfg = Debug|Any CPU
		{17F312B4-429B-4134-AB10-204E9B972309}.Debug|Any CPU.Build.0 = Debug|Any CPU
		{17F312B4-429B-4134-AB10-204E9B972309}.Release|Any CPU.ActiveCfg = Release|Any CPU
		{17F312B4-429B-4134-AB10-204E9B972309}.Release|Any CPU.Build.0 = Release|Any CPU
	EndGlobalSection
	GlobalSection(SolutionProperties) = preSolution
		HideSolutionNode = FALSE
	EndGlobalSection
	GlobalSection(ExtensibilityGlobals) = postSolution
		SolutionGuid = {FF13D940-412D-444C-B428-0E82307C02CC}
	EndGlobalSection
EndGlobal
